
Microsoft Visual Studio Solution File, Format Version 12.00
# Visual Studio Version 17
VisualStudioVersion = 17.6.33723.286
MinimumVisualStudioVersion = 10.0.40219.1
Project("{9A19103F-16F7-4668-BE54-9A1E7A4F7556}") = "application-pkg", "application-pkg\application-pkg.csproj", "{D06F8178-B1C5-4268-AA26-697DFA26BC01}"
EndProject
Project("{2150E333-8FDC-42A3-9474-1A3956D46DE8}") = "Itens de Solução", "Itens de Solução", "{B08AAE55-F4AC-4FD2-9531-AD819075FBFF}"
	ProjectSection(SolutionItems) = preProject
		.gitattributes = .gitattributes
		.gitignore = .gitignore
	EndProjectSection
EndProject
Global
	GlobalSection(SolutionConfigurationPlatforms) = preSolution
		Debug|Any CPU = Debug|Any CPU
		Release|Any CPU = Release|Any CPU
	EndGlobalSection
	GlobalSection(ProjectConfigurationPlatforms) = postSolution
		{D06F8178-B1C5-4268-AA26-697DFA26BC01}.Debug|Any CPU.ActiveCfg = Debug|Any CPU
		{D06F8178-B1C5-4268-AA26-697DFA26BC01}.Debug|Any CPU.Build.0 = Debug|Any CPU
		{D06F8178-B1C5-4268-AA26-697DFA26BC01}.Release|Any CPU.ActiveCfg = Release|Any CPU
		{D06F8178-B1C5-4268-AA26-697DFA26BC01}.Release|Any CPU.Build.0 = Release|Any CPU
	EndGlobalSection
	GlobalSection(SolutionProperties) = preSolution
		HideSolutionNode = FALSE
	EndGlobalSection
	GlobalSection(ExtensibilityGlobals) = postSolution
		SolutionGuid = {240D497A-F733-40F5-90B0-7A3084515E89}
	EndGlobalSection
EndGlobal
